<?xml version="1.0" encoding="utf-8"?>
<Project ToolsVersion="4.0" xmlns="http://schemas.microsoft.com/developer/msbuild/2003">
  <ItemGroup>
    <Filter Include="GameEngine">
      <UniqueIdentifier>{28aa20fd-b279-4aa6-874f-33eef32616a9}</UniqueIdentifier>
    </Filter>
    <Filter Include="Libraries">
      <UniqueIdentifier>{5944c6c7-b762-4477-b51d-81888615bf38}</UniqueIdentifier>
    </Filter>
    <Filter Include="GameEngine\Components">
      <UniqueIdentifier>{fcf6bc6b-4088-43bd-b5c9-e6fa115974c4}</UniqueIdentifier>
    </Filter>
    <Filter Include="GameEngine\HeaderFiles">
      <UniqueIdentifier>{7e0715f8-63e3-4094-97b7-262ca53999dc}</UniqueIdentifier>
    </Filter>
    <Filter Include="SourceFiles">
      <UniqueIdentifier>{4FC737F1-C7A5-4376-A066-2A32D752A2FF}</UniqueIdentifier>
      <Extensions>cpp;c;cc;cxx;def;odl;idl;hpj;bat;asm;asmx</Extensions>
    </Filter>
    <Filter Include="HeaderFiles">
      <UniqueIdentifier>{93995380-89BD-4b04-88EB-625FBE52EBFB}</UniqueIdentifier>
      <Extensions>h;hh;hpp;hxx;hm;inl;inc;xsd</Extensions>
    </Filter>
    <Filter Include="ResourceFiles">
      <UniqueIdentifier>{67DA6AB6-F800-4c08-8B7A-83BB121AAD01}</UniqueIdentifier>
      <Extensions>rc;ico;cur;bmp;dlg;rc2;rct;bin;rgs;gif;jpg;jpeg;jpe;resx;tiff;tif;png;wav;mfcribbon-ms</Extensions>
    </Filter>
    <Filter Include="GameEngine\SourceFiles">
      <UniqueIdentifier>{0ee6a8dd-ca95-43a2-9d8d-7c2d3b1c07d2}</UniqueIdentifier>
    </Filter>
    <Filter Include="GameEngine\MessagingSystem">
      <UniqueIdentifier>{68d19e42-db1a-4337-a23a-04467f2b2547}</UniqueIdentifier>
    </Filter>
    <Filter Include="GameEngine\PhysicsEngine">
      <UniqueIdentifier>{64461c4e-4e6e-4968-a641-be196c738131}</UniqueIdentifier>
    </Filter>
    <Filter Include="GameEngine\RenderEngine">
      <UniqueIdentifier>{e8d3a67b-39ec-4737-a365-63136c60e9dd}</UniqueIdentifier>
    </Filter>
    <Filter Include="GameEngine\Components\HeaderFiles">
      <UniqueIdentifier>{c9470098-3f9f-4252-887a-722e2dd951ee}</UniqueIdentifier>
    </Filter>
    <Filter Include="GameEngine\Components\SourceFiles">
      <UniqueIdentifier>{05e3faec-4d10-48bc-9596-879628ecb86b}</UniqueIdentifier>
    </Filter>
    <Filter Include="GameEngine\MessagingSystem\HeaderFiles">
      <UniqueIdentifier>{4a115ee9-ba8e-4e9a-aa3b-f9ceb000025f}</UniqueIdentifier>
    </Filter>
    <Filter Include="GameEngine\MessagingSystem\SourceFiles">
      <UniqueIdentifier>{6cafe85c-9329-4568-a227-7537df2abdaf}</UniqueIdentifier>
    </Filter>
    <Filter Include="GameEngine\RenderEngine\HeaderFiles">
      <UniqueIdentifier>{b5444bd3-273d-4762-ab48-274c7a9e17ef}</UniqueIdentifier>
    </Filter>
    <Filter Include="GameEngine\RenderEngine\SourceFiles">
      <UniqueIdentifier>{6a1401ec-466e-41bb-b277-20b859488005}</UniqueIdentifier>
    </Filter>
    <Filter Include="GameEngine\PhysicsEngine\HeaderFiles">
      <UniqueIdentifier>{e3319e5d-bf93-48ed-a580-a282bd5b027d}</UniqueIdentifier>
    </Filter>
    <Filter Include="GameEngine\PhysicsEngine\SourceFiles">
      <UniqueIdentifier>{39fd72f2-354b-4149-bd03-61975abb3a03}</UniqueIdentifier>
    </Filter>
    <Filter Include="ResourceFiles\Models">
      <UniqueIdentifier>{0952b88d-a071-4951-bca1-5bbdd6503acc}</UniqueIdentifier>
    </Filter>
    <Filter Include="ResourceFiles\Shaders">
      <UniqueIdentifier>{35c250b8-fc20-4a7d-b3d0-fd6afa5d806f}</UniqueIdentifier>
    </Filter>
    <Filter Include="ResourceFiles\Sounds">
      <UniqueIdentifier>{63163ad5-e6dc-45e6-8ff2-cc254fd23ab3}</UniqueIdentifier>
    </Filter>
    <Filter Include="ResourceFiles\Textures">
      <UniqueIdentifier>{92b436f0-30e1-47d5-badc-eb809d52972f}</UniqueIdentifier>
    </Filter>
  </ItemGroup>
  <ItemGroup>
    <ClInclude Include="HeaderFiles\main.h">
      <Filter>HeaderFiles</Filter>
    </ClInclude>
    <ClInclude Include="GameEngine\Components\HeaderFiles\AccelerationComponent.h">
      <Filter>GameEngine\Components\HeaderFiles</Filter>
    </ClInclude>
    <ClInclude Include="GameEngine\Components\HeaderFiles\AIComponent.h">
      <Filter>GameEngine\Components\HeaderFiles</Filter>
    </ClInclude>
    <ClInclude Include="GameEngine\Components\HeaderFiles\AudioComponent.h">
      <Filter>GameEngine\Components\HeaderFiles</Filter>
    </ClInclude>
    <ClInclude Include="GameEngine\Components\HeaderFiles\BoxColliderComponent.h">
      <Filter>GameEngine\Components\HeaderFiles</Filter>
    </ClInclude>
    <ClInclude Include="GameEngine\Components\HeaderFiles\CameraComponent.h">
      <Filter>GameEngine\Components\HeaderFiles</Filter>
    </ClInclude>
    <ClInclude Include="GameEngine\Components\HeaderFiles\ColliderComponent.h">
      <Filter>GameEngine\Components\HeaderFiles</Filter>
    </ClInclude>
    <ClInclude Include="GameEngine\Components\HeaderFiles\Component.h">
      <Filter>GameEngine\Components\HeaderFiles</Filter>
    </ClInclude>
    <ClInclude Include="GameEngine\Components\HeaderFiles\ComponentHeaders.h">
      <Filter>GameEngine\Components\HeaderFiles</Filter>
    </ClInclude>
    <ClInclude Include="GameEngine\Components\HeaderFiles\GameObject.h">
      <Filter>GameEngine\Components\HeaderFiles</Filter>
    </ClInclude>
    <ClInclude Include="GameEngine\Components\HeaderFiles\InputHandlerComponent.h">
      <Filter>GameEngine\Components\HeaderFiles</Filter>
    </ClInclude>
    <ClInclude Include="GameEngine\Components\HeaderFiles\LightComponent.h">
      <Filter>GameEngine\Components\HeaderFiles</Filter>
    </ClInclude>
    <ClInclude Include="GameEngine\Components\HeaderFiles\MeshColliderComponent.h">
      <Filter>GameEngine\Components\HeaderFiles</Filter>
    </ClInclude>
    <ClInclude Include="GameEngine\Components\HeaderFiles\MessageHandlerComponent.h">
      <Filter>GameEngine\Components\HeaderFiles</Filter>
    </ClInclude>
    <ClInclude Include="GameEngine\Components\HeaderFiles\PlayerComponent.h">
      <Filter>GameEngine\Components\HeaderFiles</Filter>
    </ClInclude>
    <ClInclude Include="GameEngine\Components\HeaderFiles\RenderComponent.h">
      <Filter>GameEngine\Components\HeaderFiles</Filter>
    </ClInclude>
    <ClInclude Include="GameEngine\Components\HeaderFiles\RigidBodyComponent.h">
      <Filter>GameEngine\Components\HeaderFiles</Filter>
    </ClInclude>
    <ClInclude Include="GameEngine\Components\HeaderFiles\Transform.h">
      <Filter>GameEngine\Components\HeaderFiles</Filter>
    </ClInclude>
    <ClInclude Include="GameEngine\Components\HeaderFiles\Vector3.h">
      <Filter>GameEngine\Components\HeaderFiles</Filter>
    </ClInclude>
    <ClInclude Include="GameEngine\Components\HeaderFiles\VelocityComponent.h">
      <Filter>GameEngine\Components\HeaderFiles</Filter>
    </ClInclude>
    <ClInclude Include="GameEngine\HeaderFiles\AIEngine.h">
      <Filter>GameEngine\HeaderFiles</Filter>
    </ClInclude>
    <ClInclude Include="GameEngine\HeaderFiles\Engine.h">
      <Filter>GameEngine\HeaderFiles</Filter>
    </ClInclude>
    <ClInclude Include="GameEngine\HeaderFiles\EngineHeaders.h">
      <Filter>GameEngine\HeaderFiles</Filter>
    </ClInclude>
    <ClInclude Include="GameEngine\HeaderFiles\ErrorHandler.h">
      <Filter>GameEngine\HeaderFiles</Filter>
    </ClInclude>
    <ClInclude Include="GameEngine\HeaderFiles\FileEngine.h">
      <Filter>GameEngine\HeaderFiles</Filter>
    </ClInclude>
    <ClInclude Include="GameEngine\HeaderFiles\FileHelper.h">
      <Filter>GameEngine\HeaderFiles</Filter>
    </ClInclude>
    <ClInclude Include="GameEngine\HeaderFiles\GlobalPrefs.h">
      <Filter>GameEngine\HeaderFiles</Filter>
    </ClInclude>
    <ClInclude Include="GameEngine\HeaderFiles\InputEngine.h">
      <Filter>GameEngine\HeaderFiles</Filter>
    </ClInclude>
    <ClInclude Include="GameEngine\HeaderFiles\InputTypes.h">
      <Filter>GameEngine\HeaderFiles</Filter>
    </ClInclude>
    <ClInclude Include="GameEngine\HeaderFiles\OBJImport.h">
      <Filter>GameEngine\HeaderFiles</Filter>
    </ClInclude>
    <ClInclude Include="GameEngine\HeaderFiles\Scene.h">
      <Filter>GameEngine\HeaderFiles</Filter>
    </ClInclude>
    <ClInclude Include="GameEngine\HeaderFiles\SoundEngine.h">
      <Filter>GameEngine\HeaderFiles</Filter>
    </ClInclude>
    <ClInclude Include="GameEngine\HeaderFiles\Window.h">
      <Filter>GameEngine\HeaderFiles</Filter>
    </ClInclude>
    <ClInclude Include="GameEngine\MessagingSystem\HeaderFiles\Message.h">
      <Filter>GameEngine\MessagingSystem\HeaderFiles</Filter>
    </ClInclude>
    <ClInclude Include="GameEngine\MessagingSystem\HeaderFiles\MessageReceiver.h">
      <Filter>GameEngine\MessagingSystem\HeaderFiles</Filter>
    </ClInclude>
    <ClInclude Include="GameEngine\MessagingSystem\HeaderFiles\MessageTypes.h">
      <Filter>GameEngine\MessagingSystem\HeaderFiles</Filter>
    </ClInclude>
    <ClInclude Include="GameEngine\MessagingSystem\HeaderFiles\MessagingSystem.h">
      <Filter>GameEngine\MessagingSystem\HeaderFiles</Filter>
    </ClInclude>
    <ClInclude Include="GameEngine\RenderEngine\HeaderFiles\Cube.h">
      <Filter>GameEngine\RenderEngine\HeaderFiles</Filter>
    </ClInclude>
    <ClInclude Include="GameEngine\RenderEngine\HeaderFiles\Quad.h">
      <Filter>GameEngine\RenderEngine\HeaderFiles</Filter>
    </ClInclude>
    <ClInclude Include="GameEngine\RenderEngine\HeaderFiles\RenderableTypes.h">
      <Filter>GameEngine\RenderEngine\HeaderFiles</Filter>
    </ClInclude>
    <ClInclude Include="GameEngine\RenderEngine\HeaderFiles\RenderEngine.h">
      <Filter>GameEngine\RenderEngine\HeaderFiles</Filter>
    </ClInclude>
    <ClInclude Include="GameEngine\RenderEngine\HeaderFiles\RendererInternalTypes.h">
      <Filter>GameEngine\RenderEngine\HeaderFiles</Filter>
    </ClInclude>
    <ClInclude Include="GameEngine\RenderEngine\HeaderFiles\RenderFileMessageReceiver.h">
      <Filter>GameEngine\RenderEngine\HeaderFiles</Filter>
    </ClInclude>
    <ClInclude Include="GameEngine\RenderEngine\HeaderFiles\RenderInputMessageReceiver.h">
      <Filter>GameEngine\RenderEngine\HeaderFiles</Filter>
    </ClInclude>
    <ClInclude Include="GameEngine\RenderEngine\HeaderFiles\RenderMessageReceiver.h">
      <Filter>GameEngine\RenderEngine\HeaderFiles</Filter>
    </ClInclude>
    <ClInclude Include="GameEngine\RenderEngine\HeaderFiles\Shaders.h">
      <Filter>GameEngine\RenderEngine\HeaderFiles</Filter>
    </ClInclude>
    <ClInclude Include="GameEngine\PhysicsEngine\HeaderFiles\PhysicsEngine.h">
      <Filter>GameEngine\PhysicsEngine\HeaderFiles</Filter>
    </ClInclude>
    <ClInclude Include="Libraries\glew\include\eglew.h">
      <Filter>HeaderFiles</Filter>
    </ClInclude>
    <ClInclude Include="Libraries\glew\include\glew.h">
      <Filter>HeaderFiles</Filter>
    </ClInclude>
    <ClInclude Include="Libraries\glew\include\glxew.h">
      <Filter>HeaderFiles</Filter>
    </ClInclude>
    <ClInclude Include="Libraries\glew\include\wglew.h">
      <Filter>HeaderFiles</Filter>
    </ClInclude>
    <ClInclude Include="Libraries\glm\include\detail\_features.hpp">
      <Filter>HeaderFiles</Filter>
    </ClInclude>
    <ClInclude Include="Libraries\glm\include\detail\_fixes.hpp">
      <Filter>HeaderFiles</Filter>
    </ClInclude>
    <ClInclude Include="Libraries\glm\include\detail\_noise.hpp">
      <Filter>HeaderFiles</Filter>
    </ClInclude>
    <ClInclude Include="Libraries\glm\include\detail\_swizzle.hpp">
      <Filter>HeaderFiles</Filter>
    </ClInclude>
    <ClInclude Include="Libraries\glm\include\detail\_swizzle_func.hpp">
      <Filter>HeaderFiles</Filter>
    </ClInclude>
    <ClInclude Include="Libraries\glm\include\detail\_vectorize.hpp">
      <Filter>HeaderFiles</Filter>
    </ClInclude>
    <ClInclude Include="Libraries\glm\include\detail\func_common.hpp">
      <Filter>HeaderFiles</Filter>
    </ClInclude>
    <ClInclude Include="Libraries\glm\include\detail\func_exponential.hpp">
      <Filter>HeaderFiles</Filter>
    </ClInclude>
    <ClInclude Include="Libraries\glm\include\detail\func_geometric.hpp">
      <Filter>HeaderFiles</Filter>
    </ClInclude>
    <ClInclude Include="Libraries\glm\include\detail\func_integer.hpp">
      <Filter>HeaderFiles</Filter>
    </ClInclude>
    <ClInclude Include="Libraries\glm\include\detail\func_matrix.hpp">
      <Filter>HeaderFiles</Filter>
    </ClInclude>
    <ClInclude Include="Libraries\glm\include\detail\func_packing.hpp">
      <Filter>HeaderFiles</Filter>
    </ClInclude>
    <ClInclude Include="Libraries\glm\include\detail\func_trigonometric.hpp">
      <Filter>HeaderFiles</Filter>
    </ClInclude>
    <ClInclude Include="Libraries\glm\include\detail\func_vector_relational.hpp">
      <Filter>HeaderFiles</Filter>
    </ClInclude>
    <ClInclude Include="Libraries\glm\include\detail\precision.hpp">
      <Filter>HeaderFiles</Filter>
    </ClInclude>
    <ClInclude Include="Libraries\glm\include\detail\setup.hpp">
      <Filter>HeaderFiles</Filter>
    </ClInclude>
    <ClInclude Include="Libraries\glm\include\detail\type_float.hpp">
      <Filter>HeaderFiles</Filter>
    </ClInclude>
    <ClInclude Include="Libraries\glm\include\detail\type_gentype.hpp">
      <Filter>HeaderFiles</Filter>
    </ClInclude>
    <ClInclude Include="Libraries\glm\include\detail\type_half.hpp">
      <Filter>HeaderFiles</Filter>
    </ClInclude>
    <ClInclude Include="Libraries\glm\include\detail\type_int.hpp">
      <Filter>HeaderFiles</Filter>
    </ClInclude>
    <ClInclude Include="Libraries\glm\include\detail\type_mat.hpp">
      <Filter>HeaderFiles</Filter>
    </ClInclude>
    <ClInclude Include="Libraries\glm\include\detail\type_mat2x2.hpp">
      <Filter>HeaderFiles</Filter>
    </ClInclude>
    <ClInclude Include="Libraries\glm\include\detail\type_mat2x3.hpp">
      <Filter>HeaderFiles</Filter>
    </ClInclude>
    <ClInclude Include="Libraries\glm\include\detail\type_mat2x4.hpp">
      <Filter>HeaderFiles</Filter>
    </ClInclude>
    <ClInclude Include="Libraries\glm\include\detail\type_mat3x2.hpp">
      <Filter>HeaderFiles</Filter>
    </ClInclude>
    <ClInclude Include="Libraries\glm\include\detail\type_mat3x3.hpp">
      <Filter>HeaderFiles</Filter>
    </ClInclude>
    <ClInclude Include="Libraries\glm\include\detail\type_mat3x4.hpp">
      <Filter>HeaderFiles</Filter>
    </ClInclude>
    <ClInclude Include="Libraries\glm\include\detail\type_mat4x2.hpp">
      <Filter>HeaderFiles</Filter>
    </ClInclude>
    <ClInclude Include="Libraries\glm\include\detail\type_mat4x3.hpp">
      <Filter>HeaderFiles</Filter>
    </ClInclude>
    <ClInclude Include="Libraries\glm\include\detail\type_mat4x4.hpp">
      <Filter>HeaderFiles</Filter>
    </ClInclude>
    <ClInclude Include="Libraries\glm\include\detail\type_vec.hpp">
      <Filter>HeaderFiles</Filter>
    </ClInclude>
    <ClInclude Include="Libraries\glm\include\detail\type_vec1.hpp">
      <Filter>HeaderFiles</Filter>
    </ClInclude>
    <ClInclude Include="Libraries\glm\include\detail\type_vec2.hpp">
      <Filter>HeaderFiles</Filter>
    </ClInclude>
    <ClInclude Include="Libraries\glm\include\detail\type_vec3.hpp">
      <Filter>HeaderFiles</Filter>
    </ClInclude>
    <ClInclude Include="Libraries\glm\include\detail\type_vec4.hpp">
      <Filter>HeaderFiles</Filter>
    </ClInclude>
    <ClInclude Include="Libraries\glm\include\gtc\bitfield.hpp">
      <Filter>HeaderFiles</Filter>
    </ClInclude>
    <ClInclude Include="Libraries\glm\include\gtc\color_space.hpp">
      <Filter>HeaderFiles</Filter>
    </ClInclude>
    <ClInclude Include="Libraries\glm\include\gtc\constants.hpp">
      <Filter>HeaderFiles</Filter>
    </ClInclude>
    <ClInclude Include="Libraries\glm\include\gtc\epsilon.hpp">
      <Filter>HeaderFiles</Filter>
    </ClInclude>
    <ClInclude Include="Libraries\glm\include\gtc\functions.hpp">
      <Filter>HeaderFiles</Filter>
    </ClInclude>
    <ClInclude Include="Libraries\glm\include\gtc\integer.hpp">
      <Filter>HeaderFiles</Filter>
    </ClInclude>
    <ClInclude Include="Libraries\glm\include\gtc\matrix_access.hpp">
      <Filter>HeaderFiles</Filter>
    </ClInclude>
    <ClInclude Include="Libraries\glm\include\gtc\matrix_integer.hpp">
      <Filter>HeaderFiles</Filter>
    </ClInclude>
    <ClInclude Include="Libraries\glm\include\gtc\matrix_inverse.hpp">
      <Filter>HeaderFiles</Filter>
    </ClInclude>
    <ClInclude Include="Libraries\glm\include\gtc\matrix_transform.hpp">
      <Filter>HeaderFiles</Filter>
    </ClInclude>
    <ClInclude Include="Libraries\glm\include\gtc\noise.hpp">
      <Filter>HeaderFiles</Filter>
    </ClInclude>
    <ClInclude Include="Libraries\glm\include\gtc\packing.hpp">
      <Filter>HeaderFiles</Filter>
    </ClInclude>
    <ClInclude Include="Libraries\glm\include\gtc\quaternion.hpp">
      <Filter>HeaderFiles</Filter>
    </ClInclude>
    <ClInclude Include="Libraries\glm\include\gtc\random.hpp">
      <Filter>HeaderFiles</Filter>
    </ClInclude>
    <ClInclude Include="Libraries\glm\include\gtc\reciprocal.hpp">
      <Filter>HeaderFiles</Filter>
    </ClInclude>
    <ClInclude Include="Libraries\glm\include\gtc\round.hpp">
      <Filter>HeaderFiles</Filter>
    </ClInclude>
    <ClInclude Include="Libraries\glm\include\gtc\type_aligned.hpp">
      <Filter>HeaderFiles</Filter>
    </ClInclude>
    <ClInclude Include="Libraries\glm\include\gtc\type_precision.hpp">
      <Filter>HeaderFiles</Filter>
    </ClInclude>
    <ClInclude Include="Libraries\glm\include\gtc\type_ptr.hpp">
      <Filter>HeaderFiles</Filter>
    </ClInclude>
    <ClInclude Include="Libraries\glm\include\gtc\ulp.hpp">
      <Filter>HeaderFiles</Filter>
    </ClInclude>
    <ClInclude Include="Libraries\glm\include\gtc\vec1.hpp">
      <Filter>HeaderFiles</Filter>
    </ClInclude>
    <ClInclude Include="Libraries\glm\include\gtx\associated_min_max.hpp">
      <Filter>HeaderFiles</Filter>
    </ClInclude>
    <ClInclude Include="Libraries\glm\include\gtx\bit.hpp">
      <Filter>HeaderFiles</Filter>
    </ClInclude>
    <ClInclude Include="Libraries\glm\include\gtx\closest_point.hpp">
      <Filter>HeaderFiles</Filter>
    </ClInclude>
    <ClInclude Include="Libraries\glm\include\gtx\color_space.hpp">
      <Filter>HeaderFiles</Filter>
    </ClInclude>
    <ClInclude Include="Libraries\glm\include\gtx\color_space_YCoCg.hpp">
      <Filter>HeaderFiles</Filter>
    </ClInclude>
    <ClInclude Include="Libraries\glm\include\gtx\common.hpp">
      <Filter>HeaderFiles</Filter>
    </ClInclude>
    <ClInclude Include="Libraries\glm\include\gtx\compatibility.hpp">
      <Filter>HeaderFiles</Filter>
    </ClInclude>
    <ClInclude Include="Libraries\glm\include\gtx\component_wise.hpp">
      <Filter>HeaderFiles</Filter>
    </ClInclude>
    <ClInclude Include="Libraries\glm\include\gtx\dual_quaternion.hpp">
      <Filter>HeaderFiles</Filter>
    </ClInclude>
    <ClInclude Include="Libraries\glm\include\gtx\euler_angles.hpp">
      <Filter>HeaderFiles</Filter>
    </ClInclude>
    <ClInclude Include="Libraries\glm\include\gtx\extend.hpp">
      <Filter>HeaderFiles</Filter>
    </ClInclude>
    <ClInclude Include="Libraries\glm\include\gtx\extended_min_max.hpp">
      <Filter>HeaderFiles</Filter>
    </ClInclude>
    <ClInclude Include="Libraries\glm\include\gtx\fast_exponential.hpp">
      <Filter>HeaderFiles</Filter>
    </ClInclude>
    <ClInclude Include="Libraries\glm\include\gtx\fast_square_root.hpp">
      <Filter>HeaderFiles</Filter>
    </ClInclude>
    <ClInclude Include="Libraries\glm\include\gtx\fast_trigonometry.hpp">
      <Filter>HeaderFiles</Filter>
    </ClInclude>
    <ClInclude Include="Libraries\glm\include\gtx\gradient_paint.hpp">
      <Filter>HeaderFiles</Filter>
    </ClInclude>
    <ClInclude Include="Libraries\glm\include\gtx\handed_coordinate_space.hpp">
      <Filter>HeaderFiles</Filter>
    </ClInclude>
    <ClInclude Include="Libraries\glm\include\gtx\hash.hpp">
      <Filter>HeaderFiles</Filter>
    </ClInclude>
    <ClInclude Include="Libraries\glm\include\gtx\integer.hpp">
      <Filter>HeaderFiles</Filter>
    </ClInclude>
    <ClInclude Include="Libraries\glm\include\gtx\intersect.hpp">
      <Filter>HeaderFiles</Filter>
    </ClInclude>
    <ClInclude Include="Libraries\glm\include\gtx\io.hpp">
      <Filter>HeaderFiles</Filter>
    </ClInclude>
    <ClInclude Include="Libraries\glm\include\gtx\log_base.hpp">
      <Filter>HeaderFiles</Filter>
    </ClInclude>
    <ClInclude Include="Libraries\glm\include\gtx\matrix_cross_product.hpp">
      <Filter>HeaderFiles</Filter>
    </ClInclude>
    <ClInclude Include="Libraries\glm\include\gtx\matrix_decompose.hpp">
      <Filter>HeaderFiles</Filter>
    </ClInclude>
    <ClInclude Include="Libraries\glm\include\gtx\matrix_interpolation.hpp">
      <Filter>HeaderFiles</Filter>
    </ClInclude>
    <ClInclude Include="Libraries\glm\include\gtx\matrix_major_storage.hpp">
      <Filter>HeaderFiles</Filter>
    </ClInclude>
    <ClInclude Include="Libraries\glm\include\gtx\matrix_operation.hpp">
      <Filter>HeaderFiles</Filter>
    </ClInclude>
    <ClInclude Include="Libraries\glm\include\gtx\matrix_query.hpp">
      <Filter>HeaderFiles</Filter>
    </ClInclude>
    <ClInclude Include="Libraries\glm\include\gtx\matrix_transform_2d.hpp">
      <Filter>HeaderFiles</Filter>
    </ClInclude>
    <ClInclude Include="Libraries\glm\include\gtx\mixed_product.hpp">
      <Filter>HeaderFiles</Filter>
    </ClInclude>
    <ClInclude Include="Libraries\glm\include\gtx\norm.hpp">
      <Filter>HeaderFiles</Filter>
    </ClInclude>
    <ClInclude Include="Libraries\glm\include\gtx\normal.hpp">
      <Filter>HeaderFiles</Filter>
    </ClInclude>
    <ClInclude Include="Libraries\glm\include\gtx\normalize_dot.hpp">
      <Filter>HeaderFiles</Filter>
    </ClInclude>
    <ClInclude Include="Libraries\glm\include\gtx\number_precision.hpp">
      <Filter>HeaderFiles</Filter>
    </ClInclude>
    <ClInclude Include="Libraries\glm\include\gtx\optimum_pow.hpp">
      <Filter>HeaderFiles</Filter>
    </ClInclude>
    <ClInclude Include="Libraries\glm\include\gtx\orthonormalize.hpp">
      <Filter>HeaderFiles</Filter>
    </ClInclude>
    <ClInclude Include="Libraries\glm\include\gtx\perpendicular.hpp">
      <Filter>HeaderFiles</Filter>
    </ClInclude>
    <ClInclude Include="Libraries\glm\include\gtx\polar_coordinates.hpp">
      <Filter>HeaderFiles</Filter>
    </ClInclude>
    <ClInclude Include="Libraries\glm\include\gtx\projection.hpp">
      <Filter>HeaderFiles</Filter>
    </ClInclude>
    <ClInclude Include="Libraries\glm\include\gtx\quaternion.hpp">
      <Filter>HeaderFiles</Filter>
    </ClInclude>
    <ClInclude Include="Libraries\glm\include\gtx\range.hpp">
      <Filter>HeaderFiles</Filter>
    </ClInclude>
    <ClInclude Include="Libraries\glm\include\gtx\raw_data.hpp">
      <Filter>HeaderFiles</Filter>
    </ClInclude>
    <ClInclude Include="Libraries\glm\include\gtx\rotate_normalized_axis.hpp">
      <Filter>HeaderFiles</Filter>
    </ClInclude>
    <ClInclude Include="Libraries\glm\include\gtx\rotate_vector.hpp">
      <Filter>HeaderFiles</Filter>
    </ClInclude>
    <ClInclude Include="Libraries\glm\include\gtx\scalar_multiplication.hpp">
      <Filter>HeaderFiles</Filter>
    </ClInclude>
    <ClInclude Include="Libraries\glm\include\gtx\scalar_relational.hpp">
      <Filter>HeaderFiles</Filter>
    </ClInclude>
    <ClInclude Include="Libraries\glm\include\gtx\spline.hpp">
      <Filter>HeaderFiles</Filter>
    </ClInclude>
    <ClInclude Include="Libraries\glm\include\gtx\std_based_type.hpp">
      <Filter>HeaderFiles</Filter>
    </ClInclude>
    <ClInclude Include="Libraries\glm\include\gtx\string_cast.hpp">
      <Filter>HeaderFiles</Filter>
    </ClInclude>
    <ClInclude Include="Libraries\glm\include\gtx\transform.hpp">
      <Filter>HeaderFiles</Filter>
    </ClInclude>
    <ClInclude Include="Libraries\glm\include\gtx\transform2.hpp">
      <Filter>HeaderFiles</Filter>
    </ClInclude>
    <ClInclude Include="Libraries\glm\include\gtx\type_aligned.hpp">
      <Filter>HeaderFiles</Filter>
    </ClInclude>
    <ClInclude Include="Libraries\glm\include\gtx\type_trait.hpp">
      <Filter>HeaderFiles</Filter>
    </ClInclude>
    <ClInclude Include="Libraries\glm\include\gtx\vector_angle.hpp">
      <Filter>HeaderFiles</Filter>
    </ClInclude>
    <ClInclude Include="Libraries\glm\include\gtx\vector_query.hpp">
      <Filter>HeaderFiles</Filter>
    </ClInclude>
    <ClInclude Include="Libraries\glm\include\gtx\wrap.hpp">
      <Filter>HeaderFiles</Filter>
    </ClInclude>
    <ClInclude Include="Libraries\glm\include\simd\common.h">
      <Filter>HeaderFiles</Filter>
    </ClInclude>
    <ClInclude Include="Libraries\glm\include\simd\exponential.h">
      <Filter>HeaderFiles</Filter>
    </ClInclude>
    <ClInclude Include="Libraries\glm\include\simd\geometric.h">
      <Filter>HeaderFiles</Filter>
    </ClInclude>
    <ClInclude Include="Libraries\glm\include\simd\integer.h">
      <Filter>HeaderFiles</Filter>
    </ClInclude>
    <ClInclude Include="Libraries\glm\include\simd\matrix.h">
      <Filter>HeaderFiles</Filter>
    </ClInclude>
    <ClInclude Include="Libraries\glm\include\simd\packing.h">
      <Filter>HeaderFiles</Filter>
    </ClInclude>
    <ClInclude Include="Libraries\glm\include\simd\platform.h">
      <Filter>HeaderFiles</Filter>
    </ClInclude>
    <ClInclude Include="Libraries\glm\include\simd\trigonometric.h">
      <Filter>HeaderFiles</Filter>
    </ClInclude>
    <ClInclude Include="Libraries\glm\include\simd\vector_relational.h">
      <Filter>HeaderFiles</Filter>
    </ClInclude>
    <ClInclude Include="Libraries\glm\include\common.hpp">
      <Filter>HeaderFiles</Filter>
    </ClInclude>
    <ClInclude Include="Libraries\glm\include\exponential.hpp">
      <Filter>HeaderFiles</Filter>
    </ClInclude>
    <ClInclude Include="Libraries\glm\include\ext.hpp">
      <Filter>HeaderFiles</Filter>
    </ClInclude>
    <ClInclude Include="Libraries\glm\include\fwd.hpp">
      <Filter>HeaderFiles</Filter>
    </ClInclude>
    <ClInclude Include="Libraries\glm\include\geometric.hpp">
      <Filter>HeaderFiles</Filter>
    </ClInclude>
    <ClInclude Include="Libraries\glm\include\glm.hpp">
      <Filter>HeaderFiles</Filter>
    </ClInclude>
    <ClInclude Include="Libraries\glm\include\integer.hpp">
      <Filter>HeaderFiles</Filter>
    </ClInclude>
    <ClInclude Include="Libraries\glm\include\mat2x2.hpp">
      <Filter>HeaderFiles</Filter>
    </ClInclude>
    <ClInclude Include="Libraries\glm\include\mat2x3.hpp">
      <Filter>HeaderFiles</Filter>
    </ClInclude>
    <ClInclude Include="Libraries\glm\include\mat2x4.hpp">
      <Filter>HeaderFiles</Filter>
    </ClInclude>
    <ClInclude Include="Libraries\glm\include\mat3x2.hpp">
      <Filter>HeaderFiles</Filter>
    </ClInclude>
    <ClInclude Include="Libraries\glm\include\mat3x3.hpp">
      <Filter>HeaderFiles</Filter>
    </ClInclude>
    <ClInclude Include="Libraries\glm\include\mat3x4.hpp">
      <Filter>HeaderFiles</Filter>
    </ClInclude>
    <ClInclude Include="Libraries\glm\include\mat4x2.hpp">
      <Filter>HeaderFiles</Filter>
    </ClInclude>
    <ClInclude Include="Libraries\glm\include\mat4x3.hpp">
      <Filter>HeaderFiles</Filter>
    </ClInclude>
    <ClInclude Include="Libraries\glm\include\mat4x4.hpp">
      <Filter>HeaderFiles</Filter>
    </ClInclude>
    <ClInclude Include="Libraries\glm\include\matrix.hpp">
      <Filter>HeaderFiles</Filter>
    </ClInclude>
    <ClInclude Include="Libraries\glm\include\packing.hpp">
      <Filter>HeaderFiles</Filter>
    </ClInclude>
    <ClInclude Include="Libraries\glm\include\trigonometric.hpp">
      <Filter>HeaderFiles</Filter>
    </ClInclude>
    <ClInclude Include="Libraries\glm\include\vec2.hpp">
      <Filter>HeaderFiles</Filter>
    </ClInclude>
    <ClInclude Include="Libraries\glm\include\vec3.hpp">
      <Filter>HeaderFiles</Filter>
    </ClInclude>
    <ClInclude Include="Libraries\glm\include\vec4.hpp">
      <Filter>HeaderFiles</Filter>
    </ClInclude>
    <ClInclude Include="Libraries\glm\include\vector_relational.hpp">
      <Filter>HeaderFiles</Filter>
    </ClInclude>
    <ClInclude Include="Libraries\sdl\include\begin_code.h">
      <Filter>HeaderFiles</Filter>
    </ClInclude>
    <ClInclude Include="Libraries\sdl\include\close_code.h">
      <Filter>HeaderFiles</Filter>
    </ClInclude>
    <ClInclude Include="Libraries\sdl\include\SDL.h">
      <Filter>HeaderFiles</Filter>
    </ClInclude>
    <ClInclude Include="Libraries\sdl\include\SDL_assert.h">
      <Filter>HeaderFiles</Filter>
    </ClInclude>
    <ClInclude Include="Libraries\sdl\include\SDL_atomic.h">
      <Filter>HeaderFiles</Filter>
    </ClInclude>
    <ClInclude Include="Libraries\sdl\include\SDL_audio.h">
      <Filter>HeaderFiles</Filter>
    </ClInclude>
    <ClInclude Include="Libraries\sdl\include\SDL_bits.h">
      <Filter>HeaderFiles</Filter>
    </ClInclude>
    <ClInclude Include="Libraries\sdl\include\SDL_blendmode.h">
      <Filter>HeaderFiles</Filter>
    </ClInclude>
    <ClInclude Include="Libraries\sdl\include\SDL_clipboard.h">
      <Filter>HeaderFiles</Filter>
    </ClInclude>
    <ClInclude Include="Libraries\sdl\include\SDL_config.h">
      <Filter>HeaderFiles</Filter>
    </ClInclude>
    <ClInclude Include="Libraries\sdl\include\SDL_cpuinfo.h">
      <Filter>HeaderFiles</Filter>
    </ClInclude>
    <ClInclude Include="Libraries\sdl\include\SDL_egl.h">
      <Filter>HeaderFiles</Filter>
    </ClInclude>
    <ClInclude Include="Libraries\sdl\include\SDL_endian.h">
      <Filter>HeaderFiles</Filter>
    </ClInclude>
    <ClInclude Include="Libraries\sdl\include\SDL_error.h">
      <Filter>HeaderFiles</Filter>
    </ClInclude>
    <ClInclude Include="Libraries\sdl\include\SDL_events.h">
      <Filter>HeaderFiles</Filter>
    </ClInclude>
    <ClInclude Include="Libraries\sdl\include\SDL_filesystem.h">
      <Filter>HeaderFiles</Filter>
    </ClInclude>
    <ClInclude Include="Libraries\sdl\include\SDL_gamecontroller.h">
      <Filter>HeaderFiles</Filter>
    </ClInclude>
    <ClInclude Include="Libraries\sdl\include\SDL_gesture.h">
      <Filter>HeaderFiles</Filter>
    </ClInclude>
    <ClInclude Include="Libraries\sdl\include\SDL_haptic.h">
      <Filter>HeaderFiles</Filter>
    </ClInclude>
    <ClInclude Include="Libraries\sdl\include\SDL_hints.h">
      <Filter>HeaderFiles</Filter>
    </ClInclude>
    <ClInclude Include="Libraries\sdl\include\SDL_joystick.h">
      <Filter>HeaderFiles</Filter>
    </ClInclude>
    <ClInclude Include="Libraries\sdl\include\SDL_keyboard.h">
      <Filter>HeaderFiles</Filter>
    </ClInclude>
    <ClInclude Include="Libraries\sdl\include\SDL_keycode.h">
      <Filter>HeaderFiles</Filter>
    </ClInclude>
    <ClInclude Include="Libraries\sdl\include\SDL_loadso.h">
      <Filter>HeaderFiles</Filter>
    </ClInclude>
    <ClInclude Include="Libraries\sdl\include\SDL_log.h">
      <Filter>HeaderFiles</Filter>
    </ClInclude>
    <ClInclude Include="Libraries\sdl\include\SDL_main.h">
      <Filter>HeaderFiles</Filter>
    </ClInclude>
    <ClInclude Include="Libraries\sdl\include\SDL_messagebox.h">
      <Filter>HeaderFiles</Filter>
    </ClInclude>
    <ClInclude Include="Libraries\sdl\include\SDL_mouse.h">
      <Filter>HeaderFiles</Filter>
    </ClInclude>
    <ClInclude Include="Libraries\sdl\include\SDL_mutex.h">
      <Filter>HeaderFiles</Filter>
    </ClInclude>
    <ClInclude Include="Libraries\sdl\include\SDL_name.h">
      <Filter>HeaderFiles</Filter>
    </ClInclude>
    <ClInclude Include="Libraries\sdl\include\SDL_opengl.h">
      <Filter>HeaderFiles</Filter>
    </ClInclude>
    <ClInclude Include="Libraries\sdl\include\SDL_opengl_glext.h">
      <Filter>HeaderFiles</Filter>
    </ClInclude>
    <ClInclude Include="Libraries\sdl\include\SDL_opengles.h">
      <Filter>HeaderFiles</Filter>
    </ClInclude>
    <ClInclude Include="Libraries\sdl\include\SDL_opengles2.h">
      <Filter>HeaderFiles</Filter>
    </ClInclude>
    <ClInclude Include="Libraries\sdl\include\SDL_opengles2_gl2.h">
      <Filter>HeaderFiles</Filter>
    </ClInclude>
    <ClInclude Include="Libraries\sdl\include\SDL_opengles2_gl2ext.h">
      <Filter>HeaderFiles</Filter>
    </ClInclude>
    <ClInclude Include="Libraries\sdl\include\SDL_opengles2_gl2platform.h">
      <Filter>HeaderFiles</Filter>
    </ClInclude>
    <ClInclude Include="Libraries\sdl\include\SDL_opengles2_khrplatform.h">
      <Filter>HeaderFiles</Filter>
    </ClInclude>
    <ClInclude Include="Libraries\sdl\include\SDL_pixels.h">
      <Filter>HeaderFiles</Filter>
    </ClInclude>
    <ClInclude Include="Libraries\sdl\include\SDL_platform.h">
      <Filter>HeaderFiles</Filter>
    </ClInclude>
    <ClInclude Include="Libraries\sdl\include\SDL_power.h">
      <Filter>HeaderFiles</Filter>
    </ClInclude>
    <ClInclude Include="Libraries\sdl\include\SDL_quit.h">
      <Filter>HeaderFiles</Filter>
    </ClInclude>
    <ClInclude Include="Libraries\sdl\include\SDL_rect.h">
      <Filter>HeaderFiles</Filter>
    </ClInclude>
    <ClInclude Include="Libraries\sdl\include\SDL_render.h">
      <Filter>HeaderFiles</Filter>
    </ClInclude>
    <ClInclude Include="Libraries\sdl\include\SDL_revision.h">
      <Filter>HeaderFiles</Filter>
    </ClInclude>
    <ClInclude Include="Libraries\sdl\include\SDL_rwops.h">
      <Filter>HeaderFiles</Filter>
    </ClInclude>
    <ClInclude Include="Libraries\sdl\include\SDL_scancode.h">
      <Filter>HeaderFiles</Filter>
    </ClInclude>
    <ClInclude Include="Libraries\sdl\include\SDL_shape.h">
      <Filter>HeaderFiles</Filter>
    </ClInclude>
    <ClInclude Include="Libraries\sdl\include\SDL_stdinc.h">
      <Filter>HeaderFiles</Filter>
    </ClInclude>
    <ClInclude Include="Libraries\sdl\include\SDL_surface.h">
      <Filter>HeaderFiles</Filter>
    </ClInclude>
    <ClInclude Include="Libraries\sdl\include\SDL_system.h">
      <Filter>HeaderFiles</Filter>
    </ClInclude>
    <ClInclude Include="Libraries\sdl\include\SDL_syswm.h">
      <Filter>HeaderFiles</Filter>
    </ClInclude>
    <ClInclude Include="Libraries\sdl\include\SDL_test.h">
      <Filter>HeaderFiles</Filter>
    </ClInclude>
    <ClInclude Include="Libraries\sdl\include\SDL_test_assert.h">
      <Filter>HeaderFiles</Filter>
    </ClInclude>
    <ClInclude Include="Libraries\sdl\include\SDL_test_common.h">
      <Filter>HeaderFiles</Filter>
    </ClInclude>
    <ClInclude Include="Libraries\sdl\include\SDL_test_compare.h">
      <Filter>HeaderFiles</Filter>
    </ClInclude>
    <ClInclude Include="Libraries\sdl\include\SDL_test_crc32.h">
      <Filter>HeaderFiles</Filter>
    </ClInclude>
    <ClInclude Include="Libraries\sdl\include\SDL_test_font.h">
      <Filter>HeaderFiles</Filter>
    </ClInclude>
    <ClInclude Include="Libraries\sdl\include\SDL_test_fuzzer.h">
      <Filter>HeaderFiles</Filter>
    </ClInclude>
    <ClInclude Include="Libraries\sdl\include\SDL_test_harness.h">
      <Filter>HeaderFiles</Filter>
    </ClInclude>
    <ClInclude Include="Libraries\sdl\include\SDL_test_images.h">
      <Filter>HeaderFiles</Filter>
    </ClInclude>
    <ClInclude Include="Libraries\sdl\include\SDL_test_log.h">
      <Filter>HeaderFiles</Filter>
    </ClInclude>
    <ClInclude Include="Libraries\sdl\include\SDL_test_md5.h">
      <Filter>HeaderFiles</Filter>
    </ClInclude>
    <ClInclude Include="Libraries\sdl\include\SDL_test_random.h">
      <Filter>HeaderFiles</Filter>
    </ClInclude>
    <ClInclude Include="Libraries\sdl\include\SDL_thread.h">
      <Filter>HeaderFiles</Filter>
    </ClInclude>
    <ClInclude Include="Libraries\sdl\include\SDL_timer.h">
      <Filter>HeaderFiles</Filter>
    </ClInclude>
    <ClInclude Include="Libraries\sdl\include\SDL_touch.h">
      <Filter>HeaderFiles</Filter>
    </ClInclude>
    <ClInclude Include="Libraries\sdl\include\SDL_types.h">
      <Filter>HeaderFiles</Filter>
    </ClInclude>
    <ClInclude Include="Libraries\sdl\include\SDL_version.h">
      <Filter>HeaderFiles</Filter>
    </ClInclude>
    <ClInclude Include="Libraries\sdl\include\SDL_video.h">
      <Filter>HeaderFiles</Filter>
    </ClInclude>
    <ClInclude Include="Libraries\sdl_image\include\SDL_image.h">
      <Filter>HeaderFiles</Filter>
    </ClInclude>
    <ClInclude Include="Libraries\sdl_mixer\include\SDL_mixer.h">
      <Filter>HeaderFiles</Filter>
    </ClInclude>
  </ItemGroup>
  <ItemGroup>
    <ClCompile Include="SourceFiles\main.cpp">
      <Filter>SourceFiles</Filter>
    </ClCompile>
    <ClCompile Include="GameEngine\Components\SourceFiles\AccelerationComponent.cpp">
      <Filter>GameEngine\Components\SourceFiles</Filter>
    </ClCompile>
    <ClCompile Include="GameEngine\Components\SourceFiles\BoxColliderComponent.cpp">
      <Filter>GameEngine\Components\SourceFiles</Filter>
    </ClCompile>
    <ClCompile Include="GameEngine\Components\SourceFiles\CameraComponent.cpp">
      <Filter>GameEngine\Components\SourceFiles</Filter>
    </ClCompile>
    <ClCompile Include="GameEngine\Components\SourceFiles\ColliderComponent.cpp">
      <Filter>GameEngine\Components\SourceFiles</Filter>
    </ClCompile>
    <ClCompile Include="GameEngine\Components\SourceFiles\Component.cpp">
      <Filter>GameEngine\Components\SourceFiles</Filter>
    </ClCompile>
    <ClCompile Include="GameEngine\Components\SourceFiles\GameObject.cpp">
      <Filter>GameEngine\Components\SourceFiles</Filter>
    </ClCompile>
    <ClCompile Include="GameEngine\Components\SourceFiles\RenderComponent.cpp">
      <Filter>GameEngine\Components\SourceFiles</Filter>
    </ClCompile>
    <ClCompile Include="GameEngine\Components\SourceFiles\RigidBodyComponent.cpp">
      <Filter>GameEngine\Components\SourceFiles</Filter>
    </ClCompile>
    <ClCompile Include="GameEngine\Components\SourceFiles\Transform.cpp">
      <Filter>GameEngine\Components\SourceFiles</Filter>
    </ClCompile>
    <ClCompile Include="GameEngine\Components\SourceFiles\Vector3.cpp">
      <Filter>GameEngine\Components\SourceFiles</Filter>
    </ClCompile>
    <ClCompile Include="GameEngine\Components\SourceFiles\VelocityComponent.cpp">
      <Filter>GameEngine\Components\SourceFiles</Filter>
    </ClCompile>
    <ClCompile Include="GameEngine\MessagingSystem\SourceFiles\Message.cpp">
      <Filter>GameEngine\MessagingSystem\SourceFiles</Filter>
    </ClCompile>
    <ClCompile Include="GameEngine\MessagingSystem\SourceFiles\MessageReceiver.cpp">
      <Filter>GameEngine\MessagingSystem\SourceFiles</Filter>
    </ClCompile>
    <ClCompile Include="GameEngine\MessagingSystem\SourceFiles\MessagingSystem.cpp">
      <Filter>GameEngine\MessagingSystem\SourceFiles</Filter>
    </ClCompile>
    <ClCompile Include="GameEngine\RenderEngine\SourceFiles\RenderEngine.cpp">
      <Filter>GameEngine\RenderEngine\SourceFiles</Filter>
    </ClCompile>
    <ClCompile Include="GameEngine\RenderEngine\SourceFiles\RenderFileMessageReceiver.cpp">
      <Filter>GameEngine\RenderEngine\SourceFiles</Filter>
    </ClCompile>
    <ClCompile Include="GameEngine\RenderEngine\SourceFiles\RenderInputMessageReceiver.cpp">
      <Filter>GameEngine\RenderEngine\SourceFiles</Filter>
    </ClCompile>
    <ClCompile Include="GameEngine\RenderEngine\SourceFiles\RenderMessageReceiver.cpp">
      <Filter>GameEngine\RenderEngine\SourceFiles</Filter>
    </ClCompile>
    <ClCompile Include="GameEngine\RenderEngine\SourceFiles\Shaders.cpp">
      <Filter>GameEngine\RenderEngine\SourceFiles</Filter>
    </ClCompile>
    <ClCompile Include="GameEngine\PhysicsEngine\SourceFiles\PhysicsEngine.cpp">
      <Filter>GameEngine\PhysicsEngine\SourceFiles</Filter>
    </ClCompile>
    <ClCompile Include="GameEngine\SourceFiles\AIEngine.cpp">
      <Filter>GameEngine\SourceFiles</Filter>
    </ClCompile>
    <ClCompile Include="GameEngine\SourceFiles\Engine.cpp">
      <Filter>GameEngine\SourceFiles</Filter>
    </ClCompile>
    <ClCompile Include="GameEngine\SourceFiles\ErrorHandler.cpp">
      <Filter>GameEngine\SourceFiles</Filter>
    </ClCompile>
    <ClCompile Include="GameEngine\SourceFiles\FileEngine.cpp">
      <Filter>GameEngine\SourceFiles</Filter>
    </ClCompile>
    <ClCompile Include="GameEngine\SourceFiles\FileHelper.cpp">
      <Filter>GameEngine\SourceFiles</Filter>
    </ClCompile>
    <ClCompile Include="GameEngine\SourceFiles\GlobalPrefs.cpp">
      <Filter>GameEngine\SourceFiles</Filter>
    </ClCompile>
    <ClCompile Include="GameEngine\SourceFiles\InputEngine.cpp">
      <Filter>GameEngine\SourceFiles</Filter>
    </ClCompile>
    <ClCompile Include="GameEngine\SourceFiles\OBJImport.cpp">
      <Filter>GameEngine\SourceFiles</Filter>
    </ClCompile>
    <ClCompile Include="GameEngine\SourceFiles\Scene.cpp">
      <Filter>GameEngine\SourceFiles</Filter>
    </ClCompile>
    <ClCompile Include="GameEngine\SourceFiles\SoundEngine.cpp">
      <Filter>GameEngine\SourceFiles</Filter>
    </ClCompile>
    <ClCompile Include="GameEngine\SourceFiles\Window.cpp">
      <Filter>GameEngine\SourceFiles</Filter>
    </ClCompile>
    <ClCompile Include="Libraries\glm\include\detail\dummy.cpp">
      <Filter>SourceFiles</Filter>
    </ClCompile>
    <ClCompile Include="Libraries\glm\include\detail\glm.cpp">
      <Filter>SourceFiles</Filter>
    </ClCompile>
  </ItemGroup>
  <ItemGroup>
    <None Include="ResourceFiles\README.md">
      <Filter>ResourceFiles</Filter>
    </None>
    <None Include="ResourceFiles\Shaders\shader01.fsh">
      <Filter>ResourceFiles\Shaders</Filter>
    </None>
    <None Include="ResourceFiles\Shaders\shader02.fsh">
      <Filter>ResourceFiles\Shaders</Filter>
    </None>
    <None Include="Libraries\glm\include\detail\func_common.inl">
      <Filter>HeaderFiles</Filter>
    </None>
    <None Include="Libraries\glm\include\detail\func_common_simd.inl">
      <Filter>HeaderFiles</Filter>
    </None>
    <None Include="Libraries\glm\include\detail\func_exponential.inl">
      <Filter>HeaderFiles</Filter>
    </None>
    <None Include="Libraries\glm\include\detail\func_exponential_simd.inl">
      <Filter>HeaderFiles</Filter>
    </None>
    <None Include="Libraries\glm\include\detail\func_geometric.inl">
      <Filter>HeaderFiles</Filter>
    </None>
    <None Include="Libraries\glm\include\detail\func_geometric_simd.inl">
      <Filter>HeaderFiles</Filter>
    </None>
    <None Include="Libraries\glm\include\detail\func_integer.inl">
      <Filter>HeaderFiles</Filter>
    </None>
    <None Include="Libraries\glm\include\detail\func_integer_simd.inl">
      <Filter>HeaderFiles</Filter>
    </None>
    <None Include="Libraries\glm\include\detail\func_matrix.inl">
      <Filter>HeaderFiles</Filter>
    </None>
    <None Include="Libraries\glm\include\detail\func_matrix_simd.inl">
      <Filter>HeaderFiles</Filter>
    </None>
    <None Include="Libraries\glm\include\detail\func_packing.inl">
      <Filter>HeaderFiles</Filter>
    </None>
    <None Include="Libraries\glm\include\detail\func_packing_simd.inl">
      <Filter>HeaderFiles</Filter>
    </None>
    <None Include="Libraries\glm\include\detail\func_trigonometric.inl">
      <Filter>HeaderFiles</Filter>
    </None>
    <None Include="Libraries\glm\include\detail\func_trigonometric_simd.inl">
      <Filter>HeaderFiles</Filter>
    </None>
    <None Include="Libraries\glm\include\detail\func_vector_relational.inl">
      <Filter>HeaderFiles</Filter>
    </None>
    <None Include="Libraries\glm\include\detail\func_vector_relational_simd.inl">
      <Filter>HeaderFiles</Filter>
    </None>
    <None Include="Libraries\glm\include\detail\type_gentype.inl">
      <Filter>HeaderFiles</Filter>
    </None>
    <None Include="Libraries\glm\include\detail\type_half.inl">
      <Filter>HeaderFiles</Filter>
    </None>
    <None Include="Libraries\glm\include\detail\type_mat.inl">
      <Filter>HeaderFiles</Filter>
    </None>
    <None Include="Libraries\glm\include\detail\type_mat2x2.inl">
      <Filter>HeaderFiles</Filter>
    </None>
    <None Include="Libraries\glm\include\detail\type_mat2x3.inl">
      <Filter>HeaderFiles</Filter>
    </None>
    <None Include="Libraries\glm\include\detail\type_mat2x4.inl">
      <Filter>HeaderFiles</Filter>
    </None>
    <None Include="Libraries\glm\include\detail\type_mat3x2.inl">
      <Filter>HeaderFiles</Filter>
    </None>
    <None Include="Libraries\glm\include\detail\type_mat3x3.inl">
      <Filter>HeaderFiles</Filter>
    </None>
    <None Include="Libraries\glm\include\detail\type_mat3x4.inl">
      <Filter>HeaderFiles</Filter>
    </None>
    <None Include="Libraries\glm\include\detail\type_mat4x2.inl">
      <Filter>HeaderFiles</Filter>
    </None>
    <None Include="Libraries\glm\include\detail\type_mat4x3.inl">
      <Filter>HeaderFiles</Filter>
    </None>
    <None Include="Libraries\glm\include\detail\type_mat4x4.inl">
      <Filter>HeaderFiles</Filter>
    </None>
    <None Include="Libraries\glm\include\detail\type_mat4x4_simd.inl">
      <Filter>HeaderFiles</Filter>
    </None>
    <None Include="Libraries\glm\include\detail\type_vec.inl">
      <Filter>HeaderFiles</Filter>
    </None>
    <None Include="Libraries\glm\include\detail\type_vec1.inl">
      <Filter>HeaderFiles</Filter>
    </None>
    <None Include="Libraries\glm\include\detail\type_vec2.inl">
      <Filter>HeaderFiles</Filter>
    </None>
    <None Include="Libraries\glm\include\detail\type_vec3.inl">
      <Filter>HeaderFiles</Filter>
    </None>
    <None Include="Libraries\glm\include\detail\type_vec4.inl">
      <Filter>HeaderFiles</Filter>
    </None>
    <None Include="Libraries\glm\include\detail\type_vec4_simd.inl">
      <Filter>HeaderFiles</Filter>
    </None>
    <None Include="Libraries\glm\include\gtc\bitfield.inl">
      <Filter>HeaderFiles</Filter>
    </None>
    <None Include="Libraries\glm\include\gtc\color_encoding.inl">
      <Filter>HeaderFiles</Filter>
    </None>
    <None Include="Libraries\glm\include\gtc\color_space.inl">
      <Filter>HeaderFiles</Filter>
    </None>
    <None Include="Libraries\glm\include\gtc\constants.inl">
      <Filter>HeaderFiles</Filter>
    </None>
    <None Include="Libraries\glm\include\gtc\epsilon.inl">
      <Filter>HeaderFiles</Filter>
    </None>
    <None Include="Libraries\glm\include\gtc\functions.inl">
      <Filter>HeaderFiles</Filter>
    </None>
    <None Include="Libraries\glm\include\gtc\integer.inl">
      <Filter>HeaderFiles</Filter>
    </None>
    <None Include="Libraries\glm\include\gtc\matrix_access.inl">
      <Filter>HeaderFiles</Filter>
    </None>
    <None Include="Libraries\glm\include\gtc\matrix_inverse.inl">
      <Filter>HeaderFiles</Filter>
    </None>
    <None Include="Libraries\glm\include\gtc\matrix_transform.inl">
      <Filter>HeaderFiles</Filter>
    </None>
    <None Include="Libraries\glm\include\gtc\noise.inl">
      <Filter>HeaderFiles</Filter>
    </None>
    <None Include="Libraries\glm\include\gtc\packing.inl">
      <Filter>HeaderFiles</Filter>
    </None>
    <None Include="Libraries\glm\include\gtc\quaternion.inl">
      <Filter>HeaderFiles</Filter>
    </None>
    <None Include="Libraries\glm\include\gtc\quaternion_simd.inl">
      <Filter>HeaderFiles</Filter>
    </None>
    <None Include="Libraries\glm\include\gtc\random.inl">
      <Filter>HeaderFiles</Filter>
    </None>
    <None Include="Libraries\glm\include\gtc\reciprocal.inl">
      <Filter>HeaderFiles</Filter>
    </None>
    <None Include="Libraries\glm\include\gtc\round.inl">
      <Filter>HeaderFiles</Filter>
    </None>
    <None Include="Libraries\glm\include\gtc\type_precision.inl">
      <Filter>HeaderFiles</Filter>
    </None>
    <None Include="Libraries\glm\include\gtc\type_ptr.inl">
      <Filter>HeaderFiles</Filter>
    </None>
    <None Include="Libraries\glm\include\gtc\ulp.inl">
      <Filter>HeaderFiles</Filter>
    </None>
    <None Include="Libraries\glm\include\gtc\vec1.inl">
      <Filter>HeaderFiles</Filter>
    </None>
    <None Include="Libraries\glm\include\gtx\associated_min_max.inl">
      <Filter>HeaderFiles</Filter>
    </None>
    <None Include="Libraries\glm\include\gtx\bit.inl">
      <Filter>HeaderFiles</Filter>
    </None>
    <None Include="Libraries\glm\include\gtx\closest_point.inl">
      <Filter>HeaderFiles</Filter>
    </None>
    <None Include="Libraries\glm\include\gtx\color_space.inl">
      <Filter>HeaderFiles</Filter>
    </None>
    <None Include="Libraries\glm\include\gtx\color_space_YCoCg.inl">
      <Filter>HeaderFiles</Filter>
    </None>
    <None Include="Libraries\glm\include\gtx\common.inl">
      <Filter>HeaderFiles</Filter>
    </None>
    <None Include="Libraries\glm\include\gtx\compatibility.inl">
      <Filter>HeaderFiles</Filter>
    </None>
    <None Include="Libraries\glm\include\gtx\component_wise.inl">
      <Filter>HeaderFiles</Filter>
    </None>
    <None Include="Libraries\glm\include\gtx\dual_quaternion.inl">
      <Filter>HeaderFiles</Filter>
    </None>
    <None Include="Libraries\glm\include\gtx\euler_angles.inl">
      <Filter>HeaderFiles</Filter>
    </None>
    <None Include="Libraries\glm\include\gtx\extend.inl">
      <Filter>HeaderFiles</Filter>
    </None>
    <None Include="Libraries\glm\include\gtx\extended_min_max.inl">
      <Filter>HeaderFiles</Filter>
    </None>
    <None Include="Libraries\glm\include\gtx\fast_exponential.inl">
      <Filter>HeaderFiles</Filter>
    </None>
    <None Include="Libraries\glm\include\gtx\fast_square_root.inl">
      <Filter>HeaderFiles</Filter>
    </None>
    <None Include="Libraries\glm\include\gtx\fast_trigonometry.inl">
      <Filter>HeaderFiles</Filter>
    </None>
    <None Include="Libraries\glm\include\gtx\float_notmalize.inl">
      <Filter>HeaderFiles</Filter>
    </None>
    <None Include="Libraries\glm\include\gtx\gradient_paint.inl">
      <Filter>HeaderFiles</Filter>
    </None>
    <None Include="Libraries\glm\include\gtx\handed_coordinate_space.inl">
      <Filter>HeaderFiles</Filter>
    </None>
    <None Include="Libraries\glm\include\gtx\hash.inl">
      <Filter>HeaderFiles</Filter>
    </None>
    <None Include="Libraries\glm\include\gtx\integer.inl">
      <Filter>HeaderFiles</Filter>
    </None>
    <None Include="Libraries\glm\include\gtx\intersect.inl">
      <Filter>HeaderFiles</Filter>
    </None>
    <None Include="Libraries\glm\include\gtx\io.inl">
      <Filter>HeaderFiles</Filter>
    </None>
    <None Include="Libraries\glm\include\gtx\log_base.inl">
      <Filter>HeaderFiles</Filter>
    </None>
    <None Include="Libraries\glm\include\gtx\matrix_cross_product.inl">
      <Filter>HeaderFiles</Filter>
    </None>
    <None Include="Libraries\glm\include\gtx\matrix_decompose.inl">
      <Filter>HeaderFiles</Filter>
    </None>
    <None Include="Libraries\glm\include\gtx\matrix_interpolation.inl">
      <Filter>HeaderFiles</Filter>
    </None>
    <None Include="Libraries\glm\include\gtx\matrix_major_storage.inl">
      <Filter>HeaderFiles</Filter>
    </None>
    <None Include="Libraries\glm\include\gtx\matrix_operation.inl">
      <Filter>HeaderFiles</Filter>
    </None>
    <None Include="Libraries\glm\include\gtx\matrix_query.inl">
      <Filter>HeaderFiles</Filter>
    </None>
    <None Include="Libraries\glm\include\gtx\matrix_transform_2d.inl">
      <Filter>HeaderFiles</Filter>
    </None>
    <None Include="Libraries\glm\include\gtx\mixed_product.inl">
      <Filter>HeaderFiles</Filter>
    </None>
    <None Include="Libraries\glm\include\gtx\norm.inl">
      <Filter>HeaderFiles</Filter>
    </None>
    <None Include="Libraries\glm\include\gtx\normal.inl">
      <Filter>HeaderFiles</Filter>
    </None>
    <None Include="Libraries\glm\include\gtx\normalize_dot.inl">
      <Filter>HeaderFiles</Filter>
    </None>
    <None Include="Libraries\glm\include\gtx\number_precision.inl">
      <Filter>HeaderFiles</Filter>
    </None>
    <None Include="Libraries\glm\include\gtx\optimum_pow.inl">
      <Filter>HeaderFiles</Filter>
    </None>
    <None Include="Libraries\glm\include\gtx\orthonormalize.inl">
      <Filter>HeaderFiles</Filter>
    </None>
    <None Include="Libraries\glm\include\gtx\perpendicular.inl">
      <Filter>HeaderFiles</Filter>
    </None>
    <None Include="Libraries\glm\include\gtx\polar_coordinates.inl">
      <Filter>HeaderFiles</Filter>
    </None>
    <None Include="Libraries\glm\include\gtx\projection.inl">
      <Filter>HeaderFiles</Filter>
    </None>
    <None Include="Libraries\glm\include\gtx\quaternion.inl">
      <Filter>HeaderFiles</Filter>
    </None>
    <None Include="Libraries\glm\include\gtx\raw_data.inl">
      <Filter>HeaderFiles</Filter>
    </None>
    <None Include="Libraries\glm\include\gtx\rotate_normalized_axis.inl">
      <Filter>HeaderFiles</Filter>
    </None>
    <None Include="Libraries\glm\include\gtx\rotate_vector.inl">
      <Filter>HeaderFiles</Filter>
    </None>
    <None Include="Libraries\glm\include\gtx\scalar_relational.inl">
      <Filter>HeaderFiles</Filter>
    </None>
    <None Include="Libraries\glm\include\gtx\spline.inl">
      <Filter>HeaderFiles</Filter>
    </None>
    <None Include="Libraries\glm\include\gtx\std_based_type.inl">
      <Filter>HeaderFiles</Filter>
    </None>
    <None Include="Libraries\glm\include\gtx\string_cast.inl">
      <Filter>HeaderFiles</Filter>
    </None>
    <None Include="Libraries\glm\include\gtx\transform.inl">
      <Filter>HeaderFiles</Filter>
    </None>
    <None Include="Libraries\glm\include\gtx\transform2.inl">
      <Filter>HeaderFiles</Filter>
    </None>
    <None Include="Libraries\glm\include\gtx\type_aligned.inl">
      <Filter>HeaderFiles</Filter>
    </None>
    <None Include="Libraries\glm\include\gtx\type_trait.inl">
      <Filter>HeaderFiles</Filter>
    </None>
    <None Include="Libraries\glm\include\gtx\vector_angle.inl">
      <Filter>HeaderFiles</Filter>
    </None>
    <None Include="Libraries\glm\include\gtx\vector_query.inl">
      <Filter>HeaderFiles</Filter>
    </None>
    <None Include="Libraries\glm\include\gtx\wrap.inl">
      <Filter>HeaderFiles</Filter>
    </None>
  </ItemGroup>
  <ItemGroup>
    <Object Include="ResourceFiles\Models\carModel.obj">
      <Filter>ResourceFiles\Models</Filter>
    </Object>
    <Object Include="ResourceFiles\Models\cube.obj">
      <Filter>ResourceFiles\Models</Filter>
    </Object>
    <Object Include="ResourceFiles\Models\road_floor.obj">
      <Filter>ResourceFiles\Models</Filter>
    </Object>
    <Object Include="ResourceFiles\Models\sphere.obj">
      <Filter>ResourceFiles\Models</Filter>
    </Object>
  </ItemGroup>
  <ItemGroup>
    <Text Include="ResourceFiles\Models\MODELS.txt">
      <Filter>ResourceFiles\Models</Filter>
    </Text>
    <Text Include="ResourceFiles\Textures\TEXTURES.txt">
      <Filter>ResourceFiles\Textures</Filter>
    </Text>
    <Text Include="ResourceFiles\Sounds\SOUNDS.txt">
      <Filter>ResourceFiles\Sounds</Filter>
    </Text>
    <Text Include="ResourceFiles\Shaders\vertex.txt">
      <Filter>ResourceFiles\Shaders</Filter>
    </Text>
  </ItemGroup>
  <ItemGroup>
    <Image Include="ResourceFiles\Textures\default.png">
      <Filter>ResourceFiles\Textures</Filter>
    </Image>
    <Image Include="ResourceFiles\Textures\rainbow.png">
      <Filter>ResourceFiles\Textures</Filter>
    </Image>
    <Image Include="ResourceFiles\Textures\test_texture.png">
      <Filter>ResourceFiles\Textures</Filter>
    </Image>
    <Image Include="ResourceFiles\Textures\test_texture2.png">
      <Filter>ResourceFiles\Textures</Filter>
    </Image>
    <Image Include="ResourceFiles\Textures\test_texture3.png">
      <Filter>ResourceFiles\Textures</Filter>
    </Image>
  </ItemGroup>
  <ItemGroup>
    <FxCompile Include="ResourceFiles\Shaders\shader01.vsh">
      <Filter>ResourceFiles\Shaders</Filter>
    </FxCompile>
    <FxCompile Include="ResourceFiles\Shaders\shader02.vsh">
      <Filter>ResourceFiles\Shaders</Filter>
    </FxCompile>
  </ItemGroup>
  <ItemGroup>
    <ResourceCompile Include="GreenEngine.rc">
      <Filter>ResourceFiles</Filter>
    </ResourceCompile>
  </ItemGroup>
</Project>