<?xml version="1.0" encoding="utf-8"?>
<Project ToolsVersion="4.0" xmlns="http://schemas.microsoft.com/developer/msbuild/2003">
  <ItemGroup>
    <ClCompile Include="GameEngine\SourceFiles\AIEngine.cpp" />
    <ClCompile Include="GameEngine\SourceFiles\Engine.cpp" />
    <ClCompile Include="GameEngine\SourceFiles\ErrorHandler.cpp" />
    <ClCompile Include="GameEngine\SourceFiles\FileHelper.cpp" />
    <ClCompile Include="GameEngine\SourceFiles\InputEngine.cpp" />
    <ClCompile Include="GameEngine\SourceFiles\OBJImport.cpp" />
    <ClCompile Include="GameEngine\PhysicsEngine\SourceFiles\PhysicsEngine.cpp" />
    <ClCompile Include="GameEngine\RenderEngine\SourceFiles\RenderEngine.cpp" />
    <ClCompile Include="GameEngine\SourceFiles\SoundEngine.cpp" />
    <ClCompile Include="GameEngine\SourceFiles\Window.cpp" />
    <ClCompile Include="SourceFiles\main.cpp" />
    <ClCompile Include="SourceFiles\Object.cpp" />
    <ClCompile Include="GameEngine\PhysicsEngine\SourceFiles\PhysicsEngine.cpp" />
    <ClCompile Include="GameEngine\MessagingSystem\SourceFiles\Message.cpp" />
    <ClCompile Include="GameEngine\MessagingSystem\SourceFiles\MessageReceiver.cpp" />
    <ClCompile Include="GameEngine\MessagingSystem\SourceFiles\MessagingSystem.cpp" />
    <ClCompile Include="GameEngine\RenderEngine\SourceFiles\RenderMessageReceiver.cpp" />
    <ClCompile Include="GameEngine\RenderEngine\SourceFiles\RenderFileMessageReceiver.cpp" />
    <ClCompile Include="GameEngine\SourceFiles\GlobalPrefs.cpp" />
    <ClCompile Include="GameEngine\SourceFiles\FileEngine.cpp" />
    <ClCompile Include="GameEngine\Components\SourceFiles\BoxColliderComponent.cpp" />
    <ClCompile Include="GameEngine\Components\SourceFiles\CameraComponent.cpp" />
    <ClCompile Include="GameEngine\Components\SourceFiles\ColliderComponent.cpp" />
    <ClCompile Include="GameEngine\Components\SourceFiles\Component.cpp" />
    <ClCompile Include="GameEngine\Components\SourceFiles\GameObject.cpp" />
    <ClCompile Include="GameEngine\Components\SourceFiles\RenderComponent.cpp" />
    <ClCompile Include="GameEngine\Components\SourceFiles\RigidBodyComponent.cpp" />
    <ClCompile Include="GameEngine\SourceFiles\Scene.cpp" />
    <ClCompile Include="GameEngine\RenderEngine\SourceFiles\Shaders.cpp" />
    <ClCompile Include="GameEngine\Components\SourceFiles\Transform.cpp" />
    <ClCompile Include="GameEngine\RenderEngine\SourceFiles\RenderInputMessageReceiver.cpp" />
    <ClCompile Include="GameEngine\SourceFiles\MenuEngine.cpp" />
  </ItemGroup>
  <ItemGroup>
    <ClInclude Include="GameEngine\HeaderFiles\AIEngine.h" />
    <ClInclude Include="GameEngine\RenderEngine\HeaderFiles\Cube.h" />
    <ClInclude Include="GameEngine\HeaderFiles\Engine.h" />
    <ClInclude Include="GameEngine\HeaderFiles\ErrorHandler.h" />
    <ClInclude Include="GameEngine\HeaderFiles\FileHelper.h" />
    <ClInclude Include="GameEngine\HeaderFiles\InputEngine.h" />
    <ClInclude Include="GameEngine\HeaderFiles\OBJImport.h" />
    <ClInclude Include="GameEngine\PhysicsEngine\HeaderFiles\PhysicsEngine.h" />
    <ClInclude Include="GameEngine\RenderEngine\HeaderFiles\Quad.h" />
    <ClInclude Include="GameEngine\RenderEngine\HeaderFiles\RenderEngine.h" />
    <ClInclude Include="GameEngine\RenderEngine\HeaderFiles\Shaders.h" />
    <ClInclude Include="GameEngine\HeaderFiles\SoundEngine.h" />
    <ClInclude Include="GameEngine\HeaderFiles\Window.h" />
    <ClInclude Include="HeaderFiles\main.h" />
    <ClInclude Include="HeaderFiles\Object.h" />
    <ClInclude Include="GameEngine\RenderEngine\HeaderFiles\RendererInternalTypes.h" />
    <ClInclude Include="GameEngine\PhysicsEngine\HeaderFiles\PhysicsEngine.h" />
    <ClInclude Include="GameEngine\MessagingSystem\HeaderFiles\Message.h" />
    <ClInclude Include="GameEngine\MessagingSystem\HeaderFiles\MessageReceiver.h" />
    <ClInclude Include="GameEngine\MessagingSystem\HeaderFiles\MessageTypes.h" />
    <ClInclude Include="GameEngine\MessagingSystem\HeaderFiles\MessagingSystem.h" />
    <ClInclude Include="GameEngine\HeaderFiles\GlobalPrefs.h" />
    <ClInclude Include="GameEngine\RenderEngine\HeaderFiles\RenderMessageReceiver.h" />
    <ClInclude Include="GameEngine\RenderEngine\HeaderFiles\RenderFileMessageReceiver.h" />
    <ClInclude Include="GameEngine\HeaderFiles\FileEngine.h" />
    <ClInclude Include="GameEngine\HeaderFiles\EngineHeaders.h" />
    <ClInclude Include="GameEngine\Components\HeaderFiles\AIComponent.h" />
    <ClInclude Include="GameEngine\Components\HeaderFiles\AudioComponent.h" />
    <ClInclude Include="GameEngine\Components\HeaderFiles\BoxColliderComponent.h" />
    <ClInclude Include="GameEngine\Components\HeaderFiles\CameraComponent.h" />
    <ClInclude Include="GameEngine\Components\HeaderFiles\ColliderComponent.h" />
    <ClInclude Include="GameEngine\Components\HeaderFiles\Component.h" />
    <ClInclude Include="GameEngine\Components\HeaderFiles\ComponentHeaders.h" />
    <ClInclude Include="GameEngine\Components\HeaderFiles\GameObject.h" />
    <ClInclude Include="GameEngine\Components\HeaderFiles\InputHandlerComponent.h" />
    <ClInclude Include="GameEngine\Components\HeaderFiles\LightComponent.h" />
    <ClInclude Include="GameEngine\Components\HeaderFiles\MeshColliderComponent.h" />
    <ClInclude Include="GameEngine\Components\HeaderFiles\MessageHandlerComponent.h" />
    <ClInclude Include="GameEngine\Components\HeaderFiles\PlayerComponent.h" />
    <ClInclude Include="GameEngine\Components\HeaderFiles\RenderComponent.h" />
    <ClInclude Include="GameEngine\Components\HeaderFiles\RigidBodyComponent.h" />
    <ClInclude Include="GameEngine\Components\HeaderFiles\Vector3.h" />
    <ClInclude Include="GameEngine\RenderEngine\HeaderFiles\RenderableTypes.h" />
    <ClInclude Include="GameEngine\HeaderFiles\Scene.h" />
    <ClInclude Include="GameEngine\Components\HeaderFiles\Transform.h" />
    <ClInclude Include="GameEngine\HeaderFiles\InputTypes.h" />
    <ClInclude Include="GameEngine\RenderEngine\HeaderFiles\RenderInputMessageReceiver.h" />
    <ClInclude Include="GameEngine\Components\HeaderFiles\Quaternion.h" />
    <ClInclude Include="GameEngine\HeaderFiles\MenuEngine.h" />
  </ItemGroup>
</Project>